Microsoft Visual Studio Solution File, Format Version 12.00
# Visual Studio Version 18
VisualStudioVersion = 18.3.11312.210
MinimumVisualStudioVersion = 10.0.40219.1
Project("{FAE04EC0-301F-11D3-BF4B-00C04F79EFBC}") = "API_Bus_Ticket_Booking", "API_Bus_Ticket_Booking.csproj", "{1129CD7D-016E-DA3C-5919-70D68AC25A94}"
EndProject
Project("{FAE04EC0-301F-11D3-BF4B-00C04F79EFBC}") = "TEST_Bus_Ticket_Booking", "..\API_Bus_Ticket_Booking.Tests\TEST_Bus_Ticket_Booking.csproj", "{9F238B05-4958-6692-6470-336B333C2228}"
EndProject
Project("{FAE04EC0-301F-11D3-BF4B-00C04F79EFBC}") = "Bus_Ticket_Booking.Mvc", "..\Bus_Ticket_Booking.Mvc\Bus_Ticket_Booking.Mvc.csproj", "{29287C1C-B880-882F-065E-434AC28538F0}"
EndProject
Global
	GlobalSection(SolutionConfigurationPlatforms) = preSolution
		Debug|Any CPU = Debug|Any CPU
		Release|Any CPU = Release|Any CPU
	EndGlobalSection
	GlobalSection(ProjectConfigurationPlatforms) = postSolution
		{1129CD7D-016E-DA3C-5919-70D68AC25A94}.Debug|Any CPU.ActiveCfg = Debug|Any CPU
		{1129CD7D-016E-DA3C-5919-70D68AC25A94}.Debug|Any CPU.Build.0 = Debug|Any CPU
		{1129CD7D-016E-DA3C-5919-70D68AC25A94}.Release|Any CPU.ActiveCfg = Release|Any CPU
		{1129CD7D-016E-DA3C-5919-70D68AC25A94}.Release|Any CPU.Build.0 = Release|Any CPU
		{9F238B05-4958-6692-6470-336B333C2228}.Debug|Any CPU.ActiveCfg = Debug|Any CPU
		{9F238B05-4958-6692-6470-336B333C2228}.Debug|Any CPU.Build.0 = Debug|Any CPU
		{9F238B05-4958-6692-6470-336B333C2228}.Release|Any CPU.ActiveCfg = Release|Any CPU
		{9F238B05-4958-6692-6470-336B333C2228}.Release|Any CPU.Build.0 = Release|Any CPU
		{29287C1C-B880-882F-065E-434AC28538F0}.Debug|Any CPU.ActiveCfg = Debug|Any CPU
		{29287C1C-B880-882F-065E-434AC28538F0}.Debug|Any CPU.Build.0 = Debug|Any CPU
		{29287C1C-B880-882F-065E-434AC28538F0}.Release|Any CPU.ActiveCfg = Release|Any CPU
		{29287C1C-B880-882F-065E-434AC28538F0}.Release|Any CPU.Build.0 = Release|Any CPU
	EndGlobalSection
	GlobalSection(SolutionProperties) = preSolution
		HideSolutionNode = FALSE
	EndGlobalSection
	GlobalSection(ExtensibilityGlobals) = postSolution
		SolutionGuid = {03752F2E-6D3E-4F75-9FBC-F1B877E28DA5}
	EndGlobalSection
EndGlobal
